
Microsoft Visual Studio Solution File, Format Version 12.00
# Visual Studio 15
VisualStudioVersion = 15.0.27130.2027
MinimumVisualStudioVersion = 10.0.40219.1
Project("{2150E333-8FDC-42A3-9474-1A3956D46DE8}") = "src", "src", "{79885966-04DD-4C48-A90D-3D1034D15665}"
EndProject
Project("{2150E333-8FDC-42A3-9474-1A3956D46DE8}") = "Services", "Services", "{3AE00B41-4477-4C76-9F8D-5709E3EAFFC9}"
EndProject
Project("{2150E333-8FDC-42A3-9474-1A3956D46DE8}") = "Catalog", "Catalog", "{0DA9C81B-F7AE-487D-8773-6522EFB596CB}"
EndProject
Project("{FAE04EC0-301F-11D3-BF4B-00C04F79EFBC}") = "WebApplication1", "WebApplication1\WebApplication1.csproj", "{F7F37F60-771C-4E79-87FC-1AAF241BF9E8}"
EndProject
Global
	GlobalSection(SolutionConfigurationPlatforms) = preSolution
		Debug|Any CPU = Debug|Any CPU
		Release|Any CPU = Release|Any CPU
	EndGlobalSection
	GlobalSection(ProjectConfigurationPlatforms) = postSolution
		{F7F37F60-771C-4E79-87FC-1AAF241BF9E8}.Debug|Any CPU.ActiveCfg = Debug|Any CPU
		{F7F37F60-771C-4E79-87FC-1AAF241BF9E8}.Debug|Any CPU.Build.0 = Debug|Any CPU
		{F7F37F60-771C-4E79-87FC-1AAF241BF9E8}.Release|Any CPU.ActiveCfg = Release|Any CPU
		{F7F37F60-771C-4E79-87FC-1AAF241BF9E8}.Release|Any CPU.Build.0 = Release|Any CPU
	EndGlobalSection
	GlobalSection(SolutionProperties) = preSolution
		HideSolutionNode = FALSE
	EndGlobalSection
	GlobalSection(NestedProjects) = preSolution
		{3AE00B41-4477-4C76-9F8D-5709E3EAFFC9} = {79885966-04DD-4C48-A90D-3D1034D15665}
		{0DA9C81B-F7AE-487D-8773-6522EFB596CB} = {3AE00B41-4477-4C76-9F8D-5709E3EAFFC9}
		{F7F37F60-771C-4E79-87FC-1AAF241BF9E8} = {0DA9C81B-F7AE-487D-8773-6522EFB596CB}
	EndGlobalSection
	GlobalSection(ExtensibilityGlobals) = postSolution
		SolutionGuid = {606CAD3A-166D-419D-A76D-7A5906DDE6BC}
	EndGlobalSection
EndGlobal
