
Microsoft Visual Studio Solution File, Format Version 12.00
# Visual Studio 15
VisualStudioVersion = 15.0.27130.2027
MinimumVisualStudioVersion = 10.0.40219.1
Project("{FAE04EC0-301F-11D3-BF4B-00C04F79EFBC}") = "Receiver", "Receiver\Receiver.csproj", "{339AB89B-BB4F-4A34-A711-8D34198896AF}"
EndProject
Global
	GlobalSection(SolutionConfigurationPlatforms) = preSolution
		Debug|Any CPU = Debug|Any CPU
		Release|Any CPU = Release|Any CPU
	EndGlobalSection
	GlobalSection(ProjectConfigurationPlatforms) = postSolution
		{339AB89B-BB4F-4A34-A711-8D34198896AF}.Debug|Any CPU.ActiveCfg = Debug|Any CPU
		{339AB89B-BB4F-4A34-A711-8D34198896AF}.Debug|Any CPU.Build.0 = Debug|Any CPU
		{339AB89B-BB4F-4A34-A711-8D34198896AF}.Release|Any CPU.ActiveCfg = Release|Any CPU
		{339AB89B-BB4F-4A34-A711-8D34198896AF}.Release|Any CPU.Build.0 = Release|Any CPU
	EndGlobalSection
	GlobalSection(SolutionProperties) = preSolution
		HideSolutionNode = FALSE
	EndGlobalSection
	GlobalSection(ExtensibilityGlobals) = postSolution
		SolutionGuid = {2F989279-9332-47B0-9A44-B16B5C038833}
	EndGlobalSection
EndGlobal
